Microsoft Visual Studio Solution File, Format Version 12.00
# Visual Studio Version 17
VisualStudioVersion = 17.5.2.0
MinimumVisualStudioVersion = 10.0.40219.1
Project("{FAE04EC0-301F-11D3-BF4B-00C04F79EFBC}") = "AutoImplementation.CodeGeneration", "AutoImplementation.CodeGeneration.csproj", "{D7B0D0C2-FE3D-946E-9E86-C7CD053E615C}"
EndProject
Global
	GlobalSection(SolutionConfigurationPlatforms) = preSolution
		Debug|Any CPU = Debug|Any CPU
		Release|Any CPU = Release|Any CPU
	EndGlobalSection
	GlobalSection(ProjectConfigurationPlatforms) = postSolution
		{D7B0D0C2-FE3D-946E-9E86-C7CD053E615C}.Debug|Any CPU.ActiveCfg = Debug|Any CPU
		{D7B0D0C2-FE3D-946E-9E86-C7CD053E615C}.Debug|Any CPU.Build.0 = Debug|Any CPU
		{D7B0D0C2-FE3D-946E-9E86-C7CD053E615C}.Release|Any CPU.ActiveCfg = Release|Any CPU
		{D7B0D0C2-FE3D-946E-9E86-C7CD053E615C}.Release|Any CPU.Build.0 = Release|Any CPU
	EndGlobalSection
	GlobalSection(SolutionProperties) = preSolution
		HideSolutionNode = FALSE
	EndGlobalSection
	GlobalSection(ExtensibilityGlobals) = postSolution
		SolutionGuid = {A05F996A-9B13-4152-B7B7-4158CC34C0A6}
	EndGlobalSection
EndGlobal
